
Microsoft Visual Studio Solution File, Format Version 12.00
# Visual Studio Version 17
VisualStudioVersion = 17.4.33205.214
MinimumVisualStudioVersion = 10.0.40219.1
Project("{8BC9CEB8-8B4A-11D0-8D11-00A0C91BC942}") = "imgui", "External\imgui\imgui.vcxproj", "{16935E4C-1E43-4BF7-B492-9046C84E0051}"
EndProject
Project("{2150E333-8FDC-42A3-9474-1A3956D46DE8}") = "External", "External", "{320A2EDB-FB50-4FA4-8783-24A5491B1F8D}"
EndProject
Project("{8BC9CEB8-8B4A-11D0-8D11-00A0C91BC942}") = "raylib", "External\raylib\raylib.vcxproj", "{694BAA77-1818-40C8-A18B-C5F9C23833C1}"
EndProject
Project("{2150E333-8FDC-42A3-9474-1A3956D46DE8}") = "Framework", "Framework", "{C0CC240D-DDF1-4024-B0CB-F115A6306ABD}"
EndProject
Project("{8BC9CEB8-8B4A-11D0-8D11-00A0C91BC942}") = "REng", "Framework\REng\REng.vcxproj", "{4AE43EF3-C7AC-4C36-8ECB-36E394711BDB}"
EndProject
Project("{2150E333-8FDC-42A3-9474-1A3956D46DE8}") = "VGP332", "VGP332", "{3064C18D-24A1-4D70-A6D7-F6F2CEBFAAFF}"
EndProject
Project("{8BC9CEB8-8B4A-11D0-8D11-00A0C91BC942}") = "PathFinding", "PathFinding\PathFinding.vcxproj", "{D58B9B35-C835-4423-AB00-782E0C1BEACF}"
EndProject
Project("{8BC9CEB8-8B4A-11D0-8D11-00A0C91BC942}") = "AI", "Framework\AI\AI.vcxproj", "{E6096BAF-B535-4C84-82E8-F74517826F14}"
EndProject
Project("{8BC9CEB8-8B4A-11D0-8D11-00A0C91BC942}") = "FSM", "FSM\FSM.vcxproj", "{9A2EE5B4-22FE-4AFF-89FB-69BD3FF7BC61}"
EndProject
Project("{8BC9CEB8-8B4A-11D0-8D11-00A0C91BC942}") = "FSM_01", "FSM_01\FSM_01.vcxproj", "{174CED89-AA14-48CD-84A8-4FF80B072AE8}"
EndProject
Project("{8BC9CEB8-8B4A-11D0-8D11-00A0C91BC942}") = "Steering", "Steering\Steering.vcxproj", "{36EEDE74-9AA0-4771-8441-0FD521B290C9}"
EndProject
Project("{2150E333-8FDC-42A3-9474-1A3956D46DE8}") = "VGP", "VGP", "{34870822-71F8-4818-AF03-F678900AF610}"
	ProjectSection(SolutionItems) = preProject
		Week09.txt = Week09.txt
	EndProjectSection
EndProject
Global
	GlobalSection(SolutionConfigurationPlatforms) = preSolution
		Debug|x64 = Debug|x64
		Debug|x86 = Debug|x86
		Release|x64 = Release|x64
		Release|x86 = Release|x86
	EndGlobalSection
	GlobalSection(ProjectConfigurationPlatforms) = postSolution
		{16935E4C-1E43-4BF7-B492-9046C84E0051}.Debug|x64.ActiveCfg = Debug|x64
		{16935E4C-1E43-4BF7-B492-9046C84E0051}.Debug|x64.Build.0 = Debug|x64
		{16935E4C-1E43-4BF7-B492-9046C84E0051}.Debug|x86.ActiveCfg = Debug|Win32
		{16935E4C-1E43-4BF7-B492-9046C84E0051}.Debug|x86.Build.0 = Debug|Win32
		{16935E4C-1E43-4BF7-B492-9046C84E0051}.Release|x64.ActiveCfg = Release|x64
		{16935E4C-1E43-4BF7-B492-9046C84E0051}.Release|x64.Build.0 = Release|x64
		{16935E4C-1E43-4BF7-B492-9046C84E0051}.Release|x86.ActiveCfg = Release|Win32
		{16935E4C-1E43-4BF7-B492-9046C84E0051}.Release|x86.Build.0 = Release|Win32
		{694BAA77-1818-40C8-A18B-C5F9C23833C1}.Debug|x64.ActiveCfg = Debug|x64
		{694BAA77-1818-40C8-A18B-C5F9C23833C1}.Debug|x64.Build.0 = Debug|x64
		{694BAA77-1818-40C8-A18B-C5F9C23833C1}.Debug|x86.ActiveCfg = Debug|Win32
		{694BAA77-1818-40C8-A18B-C5F9C23833C1}.Debug|x86.Build.0 = Debug|Win32
		{694BAA77-1818-40C8-A18B-C5F9C23833C1}.Release|x64.ActiveCfg = Release|x64
		{694BAA77-1818-40C8-A18B-C5F9C23833C1}.Release|x64.Build.0 = Release|x64
		{694BAA77-1818-40C8-A18B-C5F9C23833C1}.Release|x86.ActiveCfg = Release|Win32
		{694BAA77-1818-40C8-A18B-C5F9C23833C1}.Release|x86.Build.0 = Release|Win32
		{4AE43EF3-C7AC-4C36-8ECB-36E394711BDB}.Debug|x64.ActiveCfg = Debug|x64
		{4AE43EF3-C7AC-4C36-8ECB-36E394711BDB}.Debug|x64.Build.0 = Debug|x64
		{4AE43EF3-C7AC-4C36-8ECB-36E394711BDB}.Debug|x86.ActiveCfg = Debug|Win32
		{4AE43EF3-C7AC-4C36-8ECB-36E394711BDB}.Debug|x86.Build.0 = Debug|Win32
		{4AE43EF3-C7AC-4C36-8ECB-36E394711BDB}.Release|x64.ActiveCfg = Release|x64
		{4AE43EF3-C7AC-4C36-8ECB-36E394711BDB}.Release|x64.Build.0 = Release|x64
		{4AE43EF3-C7AC-4C36-8ECB-36E394711BDB}.Release|x86.ActiveCfg = Release|Win32
		{4AE43EF3-C7AC-4C36-8ECB-36E394711BDB}.Release|x86.Build.0 = Release|Win32
		{D58B9B35-C835-4423-AB00-782E0C1BEACF}.Debug|x64.ActiveCfg = Debug|x64
		{D58B9B35-C835-4423-AB00-782E0C1BEACF}.Debug|x64.Build.0 = Debug|x64
		{D58B9B35-C835-4423-AB00-782E0C1BEACF}.Debug|x86.ActiveCfg = Debug|Win32
		{D58B9B35-C835-4423-AB00-782E0C1BEACF}.Debug|x86.Build.0 = Debug|Win32
		{D58B9B35-C835-4423-AB00-782E0C1BEACF}.Release|x64.ActiveCfg = Release|x64
		{D58B9B35-C835-4423-AB00-782E0C1BEACF}.Release|x64.Build.0 = Release|x64
		{D58B9B35-C835-4423-AB00-782E0C1BEACF}.Release|x86.ActiveCfg = Release|Win32
		{D58B9B35-C835-4423-AB00-782E0C1BEACF}.Release|x86.Build.0 = Release|Win32
		{E6096BAF-B535-4C84-82E8-F74517826F14}.Debug|x64.ActiveCfg = Debug|x64
		{E6096BAF-B535-4C84-82E8-F74517826F14}.Debug|x64.Build.0 = Debug|x64
		{E6096BAF-B535-4C84-82E8-F74517826F14}.Debug|x86.ActiveCfg = Debug|Win32
		{E6096BAF-B535-4C84-82E8-F74517826F14}.Debug|x86.Build.0 = Debug|Win32
		{E6096BAF-B535-4C84-82E8-F74517826F14}.Release|x64.ActiveCfg = Release|x64
		{E6096BAF-B535-4C84-82E8-F74517826F14}.Release|x64.Build.0 = Release|x64
		{E6096BAF-B535-4C84-82E8-F74517826F14}.Release|x86.ActiveCfg = Release|Win32
		{E6096BAF-B535-4C84-82E8-F74517826F14}.Release|x86.Build.0 = Release|Win32
		{9A2EE5B4-22FE-4AFF-89FB-69BD3FF7BC61}.Debug|x64.ActiveCfg = Debug|x64
		{9A2EE5B4-22FE-4AFF-89FB-69BD3FF7BC61}.Debug|x64.Build.0 = Debug|x64
		{9A2EE5B4-22FE-4AFF-89FB-69BD3FF7BC61}.Debug|x86.ActiveCfg = Debug|Win32
		{9A2EE5B4-22FE-4AFF-89FB-69BD3FF7BC61}.Debug|x86.Build.0 = Debug|Win32
		{9A2EE5B4-22FE-4AFF-89FB-69BD3FF7BC61}.Release|x64.ActiveCfg = Release|x64
		{9A2EE5B4-22FE-4AFF-89FB-69BD3FF7BC61}.Release|x64.Build.0 = Release|x64
		{9A2EE5B4-22FE-4AFF-89FB-69BD3FF7BC61}.Release|x86.ActiveCfg = Release|Win32
		{9A2EE5B4-22FE-4AFF-89FB-69BD3FF7BC61}.Release|x86.Build.0 = Release|Win32
		{174CED89-AA14-48CD-84A8-4FF80B072AE8}.Debug|x64.ActiveCfg = Debug|x64
		{174CED89-AA14-48CD-84A8-4FF80B072AE8}.Debug|x64.Build.0 = Debug|x64
		{174CED89-AA14-48CD-84A8-4FF80B072AE8}.Debug|x86.ActiveCfg = Debug|Win32
		{174CED89-AA14-48CD-84A8-4FF80B072AE8}.Debug|x86.Build.0 = Debug|Win32
		{174CED89-AA14-48CD-84A8-4FF80B072AE8}.Release|x64.ActiveCfg = Release|x64
		{174CED89-AA14-48CD-84A8-4FF80B072AE8}.Release|x64.Build.0 = Release|x64
		{174CED89-AA14-48CD-84A8-4FF80B072AE8}.Release|x86.ActiveCfg = Release|Win32
		{174CED89-AA14-48CD-84A8-4FF80B072AE8}.Release|x86.Build.0 = Release|Win32
		{36EEDE74-9AA0-4771-8441-0FD521B290C9}.Debug|x64.ActiveCfg = Debug|x64
		{36EEDE74-9AA0-4771-8441-0FD521B290C9}.Debug|x64.Build.0 = Debug|x64
		{36EEDE74-9AA0-4771-8441-0FD521B290C9}.Debug|x86.ActiveCfg = Debug|Win32
		{36EEDE74-9AA0-4771-8441-0FD521B290C9}.Debug|x86.Build.0 = Debug|Win32
		{36EEDE74-9AA0-4771-8441-0FD521B290C9}.Release|x64.ActiveCfg = Release|x64
		{36EEDE74-9AA0-4771-8441-0FD521B290C9}.Release|x64.Build.0 = Release|x64
		{36EEDE74-9AA0-4771-8441-0FD521B290C9}.Release|x86.ActiveCfg = Release|Win32
		{36EEDE74-9AA0-4771-8441-0FD521B290C9}.Release|x86.Build.0 = Release|Win32
	EndGlobalSection
	GlobalSection(SolutionProperties) = preSolution
		HideSolutionNode = FALSE
	EndGlobalSection
	GlobalSection(NestedProjects) = preSolution
		{16935E4C-1E43-4BF7-B492-9046C84E0051} = {320A2EDB-FB50-4FA4-8783-24A5491B1F8D}
		{694BAA77-1818-40C8-A18B-C5F9C23833C1} = {320A2EDB-FB50-4FA4-8783-24A5491B1F8D}
		{4AE43EF3-C7AC-4C36-8ECB-36E394711BDB} = {C0CC240D-DDF1-4024-B0CB-F115A6306ABD}
		{D58B9B35-C835-4423-AB00-782E0C1BEACF} = {3064C18D-24A1-4D70-A6D7-F6F2CEBFAAFF}
		{E6096BAF-B535-4C84-82E8-F74517826F14} = {C0CC240D-DDF1-4024-B0CB-F115A6306ABD}
		{9A2EE5B4-22FE-4AFF-89FB-69BD3FF7BC61} = {3064C18D-24A1-4D70-A6D7-F6F2CEBFAAFF}
		{174CED89-AA14-48CD-84A8-4FF80B072AE8} = {3064C18D-24A1-4D70-A6D7-F6F2CEBFAAFF}
		{36EEDE74-9AA0-4771-8441-0FD521B290C9} = {3064C18D-24A1-4D70-A6D7-F6F2CEBFAAFF}
	EndGlobalSection
	GlobalSection(ExtensibilityGlobals) = postSolution
		SolutionGuid = {C4FB3008-B2EC-47AA-BFEF-79C4A67CE230}
	EndGlobalSection
EndGlobal
