
Microsoft Visual Studio Solution File, Format Version 12.00
# Visual Studio Version 17
VisualStudioVersion = 17.3.32929.385
MinimumVisualStudioVersion = 10.0.40219.1
Project("{8BC9CEB8-8B4A-11D0-8D11-00A0C91BC942}") = "X", "X\X.vcxproj", "{6682BFD4-C79F-49BD-A114-6EE8FB79E8C3}"
EndProject
Project("{2150E333-8FDC-42A3-9474-1A3956D46DE8}") = "Externals", "Externals", "{856ED680-E9A4-400F-ADFF-D3C492DCA608}"
EndProject
Project("{8BC9CEB8-8B4A-11D0-8D11-00A0C91BC942}") = "DirectXTK_Desktop_2017", "X\External\DirectXTK\DirectXTK_Desktop_2017.vcxproj", "{CDE5A2F9-D904-4B88-B6CA-2964E9B5DBC4}"
EndProject
Project("{8BC9CEB8-8B4A-11D0-8D11-00A0C91BC942}") = "ImGui", "X\External\ImGui\ImGui.vcxproj", "{BFF9C813-01AF-43B3-A23E-2C62F332B994}"
EndProject
Project("{8BC9CEB8-8B4A-11D0-8D11-00A0C91BC942}") = "DirectXTKAudio_Desktop_2017_Win8", "X\External\DirectXTK\Audio\DirectXTKAudio_Desktop_2017_Win8.vcxproj", "{4F150A30-CECB-49D1-8283-6A3F57438CF5}"
EndProject
Project("{2150E333-8FDC-42A3-9474-1A3956D46DE8}") = "Framework", "Framework", "{7E061F9B-0D7E-405B-A73A-C2D28A755FB9}"
EndProject
Project("{8BC9CEB8-8B4A-11D0-8D11-00A0C91BC942}") = "FW1FontWrapper", "X\External\FW1FontWrapper\FW1FontWrapper.vcxproj", "{0D034612-14E2-44E7-993A-72344A2CA7BD}"
EndProject
Project("{2150E333-8FDC-42A3-9474-1A3956D46DE8}") = "Projects", "Projects", "{2D5E2C7C-A18D-473C-95F4-99C6D5426B17}"
EndProject
Project("{8BC9CEB8-8B4A-11D0-8D11-00A0C91BC942}") = "01-HelloX", "Projects\01-HelloX\01-HelloX.vcxproj", "{0BAF1F01-F46B-4C90-A2E7-2EAB4F4C9D53}"
EndProject
Project("{8BC9CEB8-8B4A-11D0-8D11-00A0C91BC942}") = "02-Pathfinding", "Projects\02-Pathfinding\02-Pathfinding.vcxproj", "{47E3C89E-33FC-44F2-94AB-BE185B6D54E0}"
EndProject
Project("{8BC9CEB8-8B4A-11D0-8D11-00A0C91BC942}") = "03-HelloSpaceShooter", "Projects\03-HelloSpaceShooter\03-HelloSpaceShooter.vcxproj", "{33D891FB-5AA7-4472-AE1E-BA162B45D0CA}"
EndProject
Global
	GlobalSection(SolutionConfigurationPlatforms) = preSolution
		Debug|x64 = Debug|x64
		Debug|x86 = Debug|x86
		Release|x64 = Release|x64
		Release|x86 = Release|x86
	EndGlobalSection
	GlobalSection(ProjectConfigurationPlatforms) = postSolution
		{6682BFD4-C79F-49BD-A114-6EE8FB79E8C3}.Debug|x64.ActiveCfg = Debug|x64
		{6682BFD4-C79F-49BD-A114-6EE8FB79E8C3}.Debug|x64.Build.0 = Debug|x64
		{6682BFD4-C79F-49BD-A114-6EE8FB79E8C3}.Debug|x86.ActiveCfg = Debug|Win32
		{6682BFD4-C79F-49BD-A114-6EE8FB79E8C3}.Debug|x86.Build.0 = Debug|Win32
		{6682BFD4-C79F-49BD-A114-6EE8FB79E8C3}.Release|x64.ActiveCfg = Release|x64
		{6682BFD4-C79F-49BD-A114-6EE8FB79E8C3}.Release|x64.Build.0 = Release|x64
		{6682BFD4-C79F-49BD-A114-6EE8FB79E8C3}.Release|x86.ActiveCfg = Release|Win32
		{6682BFD4-C79F-49BD-A114-6EE8FB79E8C3}.Release|x86.Build.0 = Release|Win32
		{CDE5A2F9-D904-4B88-B6CA-2964E9B5DBC4}.Debug|x64.ActiveCfg = Debug|x64
		{CDE5A2F9-D904-4B88-B6CA-2964E9B5DBC4}.Debug|x64.Build.0 = Debug|x64
		{CDE5A2F9-D904-4B88-B6CA-2964E9B5DBC4}.Debug|x86.ActiveCfg = Debug|Win32
		{CDE5A2F9-D904-4B88-B6CA-2964E9B5DBC4}.Debug|x86.Build.0 = Debug|Win32
		{CDE5A2F9-D904-4B88-B6CA-2964E9B5DBC4}.Release|x64.ActiveCfg = Release|x64
		{CDE5A2F9-D904-4B88-B6CA-2964E9B5DBC4}.Release|x64.Build.0 = Release|x64
		{CDE5A2F9-D904-4B88-B6CA-2964E9B5DBC4}.Release|x86.ActiveCfg = Release|Win32
		{CDE5A2F9-D904-4B88-B6CA-2964E9B5DBC4}.Release|x86.Build.0 = Release|Win32
		{BFF9C813-01AF-43B3-A23E-2C62F332B994}.Debug|x64.ActiveCfg = Debug|x64
		{BFF9C813-01AF-43B3-A23E-2C62F332B994}.Debug|x64.Build.0 = Debug|x64
		{BFF9C813-01AF-43B3-A23E-2C62F332B994}.Debug|x86.ActiveCfg = Debug|Win32
		{BFF9C813-01AF-43B3-A23E-2C62F332B994}.Debug|x86.Build.0 = Debug|Win32
		{BFF9C813-01AF-43B3-A23E-2C62F332B994}.Release|x64.ActiveCfg = Release|x64
		{BFF9C813-01AF-43B3-A23E-2C62F332B994}.Release|x64.Build.0 = Release|x64
		{BFF9C813-01AF-43B3-A23E-2C62F332B994}.Release|x86.ActiveCfg = Release|Win32
		{BFF9C813-01AF-43B3-A23E-2C62F332B994}.Release|x86.Build.0 = Release|Win32
		{4F150A30-CECB-49D1-8283-6A3F57438CF5}.Debug|x64.ActiveCfg = Debug|x64
		{4F150A30-CECB-49D1-8283-6A3F57438CF5}.Debug|x64.Build.0 = Debug|x64
		{4F150A30-CECB-49D1-8283-6A3F57438CF5}.Debug|x86.ActiveCfg = Debug|Win32
		{4F150A30-CECB-49D1-8283-6A3F57438CF5}.Debug|x86.Build.0 = Debug|Win32
		{4F150A30-CECB-49D1-8283-6A3F57438CF5}.Release|x64.ActiveCfg = Release|x64
		{4F150A30-CECB-49D1-8283-6A3F57438CF5}.Release|x64.Build.0 = Release|x64
		{4F150A30-CECB-49D1-8283-6A3F57438CF5}.Release|x86.ActiveCfg = Release|Win32
		{4F150A30-CECB-49D1-8283-6A3F57438CF5}.Release|x86.Build.0 = Release|Win32
		{0D034612-14E2-44E7-993A-72344A2CA7BD}.Debug|x64.ActiveCfg = Debug|x64
		{0D034612-14E2-44E7-993A-72344A2CA7BD}.Debug|x64.Build.0 = Debug|x64
		{0D034612-14E2-44E7-993A-72344A2CA7BD}.Debug|x86.ActiveCfg = Debug|Win32
		{0D034612-14E2-44E7-993A-72344A2CA7BD}.Debug|x86.Build.0 = Debug|Win32
		{0D034612-14E2-44E7-993A-72344A2CA7BD}.Release|x64.ActiveCfg = Release|x64
		{0D034612-14E2-44E7-993A-72344A2CA7BD}.Release|x64.Build.0 = Release|x64
		{0D034612-14E2-44E7-993A-72344A2CA7BD}.Release|x86.ActiveCfg = Release|Win32
		{0D034612-14E2-44E7-993A-72344A2CA7BD}.Release|x86.Build.0 = Release|Win32
		{0BAF1F01-F46B-4C90-A2E7-2EAB4F4C9D53}.Debug|x64.ActiveCfg = Debug|x64
		{0BAF1F01-F46B-4C90-A2E7-2EAB4F4C9D53}.Debug|x64.Build.0 = Debug|x64
		{0BAF1F01-F46B-4C90-A2E7-2EAB4F4C9D53}.Debug|x86.ActiveCfg = Debug|Win32
		{0BAF1F01-F46B-4C90-A2E7-2EAB4F4C9D53}.Debug|x86.Build.0 = Debug|Win32
		{0BAF1F01-F46B-4C90-A2E7-2EAB4F4C9D53}.Release|x64.ActiveCfg = Release|x64
		{0BAF1F01-F46B-4C90-A2E7-2EAB4F4C9D53}.Release|x64.Build.0 = Release|x64
		{0BAF1F01-F46B-4C90-A2E7-2EAB4F4C9D53}.Release|x86.ActiveCfg = Release|Win32
		{0BAF1F01-F46B-4C90-A2E7-2EAB4F4C9D53}.Release|x86.Build.0 = Release|Win32
		{47E3C89E-33FC-44F2-94AB-BE185B6D54E0}.Debug|x64.ActiveCfg = Debug|x64
		{47E3C89E-33FC-44F2-94AB-BE185B6D54E0}.Debug|x64.Build.0 = Debug|x64
		{47E3C89E-33FC-44F2-94AB-BE185B6D54E0}.Debug|x86.ActiveCfg = Debug|Win32
		{47E3C89E-33FC-44F2-94AB-BE185B6D54E0}.Debug|x86.Build.0 = Debug|Win32
		{47E3C89E-33FC-44F2-94AB-BE185B6D54E0}.Release|x64.ActiveCfg = Release|x64
		{47E3C89E-33FC-44F2-94AB-BE185B6D54E0}.Release|x64.Build.0 = Release|x64
		{47E3C89E-33FC-44F2-94AB-BE185B6D54E0}.Release|x86.ActiveCfg = Release|Win32
		{47E3C89E-33FC-44F2-94AB-BE185B6D54E0}.Release|x86.Build.0 = Release|Win32
		{33D891FB-5AA7-4472-AE1E-BA162B45D0CA}.Debug|x64.ActiveCfg = Debug|x64
		{33D891FB-5AA7-4472-AE1E-BA162B45D0CA}.Debug|x64.Build.0 = Debug|x64
		{33D891FB-5AA7-4472-AE1E-BA162B45D0CA}.Debug|x86.ActiveCfg = Debug|Win32
		{33D891FB-5AA7-4472-AE1E-BA162B45D0CA}.Debug|x86.Build.0 = Debug|Win32
		{33D891FB-5AA7-4472-AE1E-BA162B45D0CA}.Release|x64.ActiveCfg = Release|x64
		{33D891FB-5AA7-4472-AE1E-BA162B45D0CA}.Release|x64.Build.0 = Release|x64
		{33D891FB-5AA7-4472-AE1E-BA162B45D0CA}.Release|x86.ActiveCfg = Release|Win32
		{33D891FB-5AA7-4472-AE1E-BA162B45D0CA}.Release|x86.Build.0 = Release|Win32
	EndGlobalSection
	GlobalSection(SolutionProperties) = preSolution
		HideSolutionNode = FALSE
	EndGlobalSection
	GlobalSection(NestedProjects) = preSolution
		{6682BFD4-C79F-49BD-A114-6EE8FB79E8C3} = {7E061F9B-0D7E-405B-A73A-C2D28A755FB9}
		{CDE5A2F9-D904-4B88-B6CA-2964E9B5DBC4} = {856ED680-E9A4-400F-ADFF-D3C492DCA608}
		{BFF9C813-01AF-43B3-A23E-2C62F332B994} = {856ED680-E9A4-400F-ADFF-D3C492DCA608}
		{4F150A30-CECB-49D1-8283-6A3F57438CF5} = {856ED680-E9A4-400F-ADFF-D3C492DCA608}
		{0D034612-14E2-44E7-993A-72344A2CA7BD} = {856ED680-E9A4-400F-ADFF-D3C492DCA608}
		{0BAF1F01-F46B-4C90-A2E7-2EAB4F4C9D53} = {2D5E2C7C-A18D-473C-95F4-99C6D5426B17}
		{47E3C89E-33FC-44F2-94AB-BE185B6D54E0} = {2D5E2C7C-A18D-473C-95F4-99C6D5426B17}
		{33D891FB-5AA7-4472-AE1E-BA162B45D0CA} = {2D5E2C7C-A18D-473C-95F4-99C6D5426B17}
	EndGlobalSection
	GlobalSection(ExtensibilityGlobals) = postSolution
		SolutionGuid = {2D84BED7-7031-4090-B4D3-57A9E4C0998B}
	EndGlobalSection
EndGlobal
